github.com/gorilla/websocket v1.4.0 h1:WDFjx/TMzVgy9VdMMQi2K2Emtwi2QcUQsztZ/zLaH/Q=
github.com/gorilla/websocket v1.4.0/go.mod h1:E7qHFY5m1UJ88s3WnNqhKjPHQ0heANvMoAMk2YaljkQ=
github.com/lib/pq v1.10.1 h1:6VXZrLU0jHBYyAqrSPa+MgPfnSvTPuMgK+k0o5kVFWo=
github.com/lib/pq v1.10.1/go.mod h1:AlVN5x4E4T544tWzH6hKfbfQvm3HdbOxrmggDNAPY9o=
github.com/preichenberger/go-coinbasepro/v2 v2.0.5 h1:Mf1k3vZTuLzuzcmCJBIbT8eiRD+N2uEG2C6Ug3upXiA=
github.com/preichenberger/go-coinbasepro/v2 v2.0.5/go.mod h1:tsiN/OFQ5FiE+T2i3r88GHDVvR/Jxkx+CGKw7JSYLrE=
